
Microsoft Visual Studio Solution File, Format Version 12.00
# Visual Studio Version 17
VisualStudioVersion = 17.9.34701.34
MinimumVisualStudioVersion = 10.0.40219.1
Project("{9A19103F-16F7-4668-BE54-9A1E7A4F7556}") = "WoW.Launcher", "WoW.Launcher\WoW.Launcher.csproj", "{84F9E3DB-166C-40B3-81EE-9651B25B29BB}"
EndProject
Global
	GlobalSection(SolutionConfigurationPlatforms) = preSolution
		Debug|x64 = Debug|x64
		Release|x64 = Release|x64
	EndGlobalSection
	GlobalSection(ProjectConfigurationPlatforms) = postSolution
		{84F9E3DB-166C-40B3-81EE-9651B25B29BB}.Debug|x64.ActiveCfg = Debug|x64
		{84F9E3DB-166C-40B3-81EE-9651B25B29BB}.Debug|x64.Build.0 = Debug|x64
		{84F9E3DB-166C-40B3-81EE-9651B25B29BB}.Release|x64.ActiveCfg = Release|x64
		{84F9E3DB-166C-40B3-81EE-9651B25B29BB}.Release|x64.Build.0 = Release|x64
	EndGlobalSection
	GlobalSection(SolutionProperties) = preSolution
		HideSolutionNode = FALSE
	EndGlobalSection
	GlobalSection(ExtensibilityGlobals) = postSolution
		SolutionGuid = {84DCF508-5DCE-4646-86F5-D3F498509A2E}
	EndGlobalSection
EndGlobal
